
Microsoft Visual Studio Solution File, Format Version 12.00
# Visual Studio Version 17
VisualStudioVersion = 17.2.32630.192
MinimumVisualStudioVersion = 10.0.40219.1
Project("{9A19103F-16F7-4668-BE54-9A1E7A4F7556}") = "poc-intercepeter-api", "poc-intercepeter-api\poc-intercepeter-api.csproj", "{E4BD8C30-F5CD-405C-B5BB-DDA540D74E1A}"
EndProject
Project("{9A19103F-16F7-4668-BE54-9A1E7A4F7556}") = "poc-intercepeter-api-bv", "poc-intercepeter-api-bv\poc-intercepeter-api-bv.csproj", "{D4E56D3D-150F-4F49-8AE8-7CE79ECC1B04}"
EndProject
Project("{E53339B2-1760-4266-BCC7-CA923CBCF16C}") = "docker-compose", "docker-compose.dcproj", "{73D49766-1ABC-4C62-A89A-216F336CFA13}"
EndProject
Project("{9A19103F-16F7-4668-BE54-9A1E7A4F7556}") = "poc-intercepeter-grpc", "poc-intercepeter-grpc\poc-intercepeter-grpc.csproj", "{20565173-90D8-41F3-B9FB-D8A2AFC34E86}"
EndProject
Project("{2150E333-8FDC-42A3-9474-1A3956D46DE8}") = "02-ExternApi", "02-ExternApi", "{E7920BB8-FA28-4783-A8D0-9D4BD9164294}"
EndProject
Project("{2150E333-8FDC-42A3-9474-1A3956D46DE8}") = "03-GRPC", "03-GRPC", "{C8828CF4-85AC-4375-9342-F7F0BA4A8503}"
EndProject
Project("{2150E333-8FDC-42A3-9474-1A3956D46DE8}") = "01-InternApi", "01-InternApi", "{1F604AAD-7F88-4675-873D-4F6B507DEDE2}"
EndProject
Global
	GlobalSection(SolutionConfigurationPlatforms) = preSolution
		Debug|Any CPU = Debug|Any CPU
		Release|Any CPU = Release|Any CPU
	EndGlobalSection
	GlobalSection(ProjectConfigurationPlatforms) = postSolution
		{E4BD8C30-F5CD-405C-B5BB-DDA540D74E1A}.Debug|Any CPU.ActiveCfg = Debug|Any CPU
		{E4BD8C30-F5CD-405C-B5BB-DDA540D74E1A}.Debug|Any CPU.Build.0 = Debug|Any CPU
		{E4BD8C30-F5CD-405C-B5BB-DDA540D74E1A}.Release|Any CPU.ActiveCfg = Release|Any CPU
		{E4BD8C30-F5CD-405C-B5BB-DDA540D74E1A}.Release|Any CPU.Build.0 = Release|Any CPU
		{D4E56D3D-150F-4F49-8AE8-7CE79ECC1B04}.Debug|Any CPU.ActiveCfg = Debug|Any CPU
		{D4E56D3D-150F-4F49-8AE8-7CE79ECC1B04}.Debug|Any CPU.Build.0 = Debug|Any CPU
		{D4E56D3D-150F-4F49-8AE8-7CE79ECC1B04}.Release|Any CPU.ActiveCfg = Release|Any CPU
		{D4E56D3D-150F-4F49-8AE8-7CE79ECC1B04}.Release|Any CPU.Build.0 = Release|Any CPU
		{73D49766-1ABC-4C62-A89A-216F336CFA13}.Debug|Any CPU.ActiveCfg = Debug|Any CPU
		{73D49766-1ABC-4C62-A89A-216F336CFA13}.Debug|Any CPU.Build.0 = Debug|Any CPU
		{73D49766-1ABC-4C62-A89A-216F336CFA13}.Release|Any CPU.ActiveCfg = Release|Any CPU
		{73D49766-1ABC-4C62-A89A-216F336CFA13}.Release|Any CPU.Build.0 = Release|Any CPU
		{20565173-90D8-41F3-B9FB-D8A2AFC34E86}.Debug|Any CPU.ActiveCfg = Debug|Any CPU
		{20565173-90D8-41F3-B9FB-D8A2AFC34E86}.Debug|Any CPU.Build.0 = Debug|Any CPU
		{20565173-90D8-41F3-B9FB-D8A2AFC34E86}.Release|Any CPU.ActiveCfg = Release|Any CPU
		{20565173-90D8-41F3-B9FB-D8A2AFC34E86}.Release|Any CPU.Build.0 = Release|Any CPU
	EndGlobalSection
	GlobalSection(SolutionProperties) = preSolution
		HideSolutionNode = FALSE
	EndGlobalSection
	GlobalSection(NestedProjects) = preSolution
		{E4BD8C30-F5CD-405C-B5BB-DDA540D74E1A} = {1F604AAD-7F88-4675-873D-4F6B507DEDE2}
		{D4E56D3D-150F-4F49-8AE8-7CE79ECC1B04} = {E7920BB8-FA28-4783-A8D0-9D4BD9164294}
		{20565173-90D8-41F3-B9FB-D8A2AFC34E86} = {C8828CF4-85AC-4375-9342-F7F0BA4A8503}
	EndGlobalSection
	GlobalSection(ExtensibilityGlobals) = postSolution
		SolutionGuid = {10C1B5CC-B0F6-439F-BCF3-329B05278617}
	EndGlobalSection
EndGlobal
